{
  "name": "indian-pincode-details",
  "version": "1.0.1",
  "lockfileVersion": 3,
  "requires": true,
  "packages": {
    "": {
      "name": "indian-pincode-details",
      "version": "1.0.1",
      "license": "MIT",
      "dependencies": {
        "indian-pincode-details": "^1.0.1"
      }
    },
    "node_modules/indian-pincode-details": {
      "version": "1.0.1",
      "resolved": "https://registry.npmjs.org/indian-pincode-details/-/indian-pincode-details-1.0.1.tgz",
      "integrity": "sha512-qQRtyfGsfXOgaX8m/OpaSW7js12jiCUYvmgNRRYB8aFxTNORQj7NoAqIHvuL2MHuKBsUHk0f83F2/476tDEh8w==",
      "license": "MIT"
    }
  }
}
